// !$*UTF8*$!
{
	archiveVersion = 1;
	classes = {
	};
	objectVersion = 56;
	objects = {

/* Begin PBXBuildFile section */
		5AB6AB1329CF359100ADC37C /* AppDelegate.swift in Sources */ = {isa = PBXBuildFile; fileRef = 5AB6AB1229CF359100ADC37C /* AppDelegate.swift */; };
		5AB6AB1529CF359100ADC37C /* SceneDelegate.swift in Sources */ = {isa = PBXBuildFile; fileRef = 5AB6AB1429CF359100ADC37C /* SceneDelegate.swift */; };
		5AB6AB1A29CF359100ADC37C /* Main.storyboard in Resources */ = {isa = PBXBuildFile; fileRef = 5AB6AB1829CF359100ADC37C /* Main.storyboard */; };
		5AB6AB1D29CF359100ADC37C /* MegabitInterview.xcdatamodeld in Sources */ = {isa = PBXBuildFile; fileRef = 5AB6AB1B29CF359100ADC37C /* MegabitInterview.xcdatamodeld */; };
		5AB6AB1F29CF359900ADC37C /* Assets.xcassets in Resources */ = {isa = PBXBuildFile; fileRef = 5AB6AB1E29CF359900ADC37C /* Assets.xcassets */; };
		5AB6AB2229CF359900ADC37C /* LaunchScreen.storyboard in Resources */ = {isa = PBXBuildFile; fileRef = 5AB6AB2029CF359900ADC37C /* LaunchScreen.storyboard */; };
		5AB6AB2B29CF39B600ADC37C /* StudentFormViewController.swift in Sources */ = {isa = PBXBuildFile; fileRef = 5AB6AB2A29CF39B600ADC37C /* StudentFormViewController.swift */; };
		5AB6AB2D29CF39D000ADC37C /* StudentListViewController.swift in Sources */ = {isa = PBXBuildFile; fileRef = 5AB6AB2C29CF39D000ADC37C /* StudentListViewController.swift */; };
		5AB6AB2F29CF3C2700ADC37C /* StudentListTableViewCell.swift in Sources */ = {isa = PBXBuildFile; fileRef = 5AB6AB2E29CF3C2700ADC37C /* StudentListTableViewCell.swift */; };
/* End PBXBuildFile section */

/* Begin PBXFileReference section */
		5AB6AB0F29CF359100ADC37C /* MegabitInterview.app */ = {isa = PBXFileReference; explicitFileType = wrapper.application; includeInIndex = 0; path = MegabitInterview.app; sourceTree = BUILT_PRODUCTS_DIR; };
		5AB6AB1229CF359100ADC37C /* AppDelegate.swift */ = {isa = PBXFileReference; lastKnownFileType = sourcecode.swift; path = AppDelegate.swift; sourceTree = "<group>"; };
		5AB6AB1429CF359100ADC37C /* SceneDelegate.swift */ = {isa = PBXFileReference; lastKnownFileType = sourcecode.swift; path = SceneDelegate.swift; sourceTree = "<group>"; };
		5AB6AB1929CF359100ADC37C /* Base */ = {isa = PBXFileReference; lastKnownFileType = file.storyboard; name = Base; path = Base.lproj/Main.storyboard; sourceTree = "<group>"; };
		5AB6AB1C29CF359100ADC37C /* MegabitInterview.xcdatamodel */ = {isa = PBXFileReference; lastKnownFileType = wrapper.xcdatamodel; path = MegabitInterview.xcdatamodel; sourceTree = "<group>"; };
		5AB6AB1E29CF359900ADC37C /* Assets.xcassets */ = {isa = PBXFileReference; lastKnownFileType = folder.assetcatalog; path = Assets.xcassets; sourceTree = "<group>"; };
		5AB6AB2129CF359900ADC37C /* Base */ = {isa = PBXFileReference; lastKnownFileType = file.storyboard; name = Base; path = Base.lproj/LaunchScreen.storyboard; sourceTree = "<group>"; };
		5AB6AB2329CF359900ADC37C /* Info.plist */ = {isa = PBXFileReference; lastKnownFileType = text.plist.xml; path = Info.plist; sourceTree = "<group>"; };
		5AB6AB2A29CF39B600ADC37C /* StudentFormViewController.swift */ = {isa = PBXFileReference; lastKnownFileType = sourcecode.swift; path = StudentFormViewController.swift; sourceTree = "<group>"; };
		5AB6AB2C29CF39D000ADC37C /* StudentListViewController.swift */ = {isa = PBXFileReference; lastKnownFileType = sourcecode.swift; path = StudentListViewController.swift; sourceTree = "<group>"; };
		5AB6AB2E29CF3C2700ADC37C /* StudentListTableViewCell.swift */ = {isa = PBXFileReference; lastKnownFileType = sourcecode.swift; path = StudentListTableViewCell.swift; sourceTree = "<group>"; };
/* End PBXFileReference section */

/* Begin PBXFrameworksBuildPhase section */
		5AB6AB0C29CF359100ADC37C /* Frameworks */ = {
			isa = PBXFrameworksBuildPhase;
			buildActionMask = 2147483647;
			files = (
			);
			runOnlyForDeploymentPostprocessing = 0;
		};
/* End PBXFrameworksBuildPhase section */

/* Begin PBXGroup section */
		5AB6AB0629CF359100ADC37C = {
			isa = PBXGroup;
			children = (
				5AB6AB1129CF359100ADC37C /* MegabitInterview */,
				5AB6AB1029CF359100ADC37C /* Products */,
			);
			sourceTree = "<group>";
		};
		5AB6AB1029CF359100ADC37C /* Products */ = {
			isa = PBXGroup;
			children = (
				5AB6AB0F29CF359100ADC37C /* MegabitInterview.app */,
			);
			name = Products;
			sourceTree = "<group>";
		};
		5AB6AB1129CF359100ADC37C /* MegabitInterview */ = {
			isa = PBXGroup;
			children = (
				5AB6AB3129CF57EE00ADC37C /* Model */,
				5AB6AB3029CF57E200ADC37C /* View */,
				5AB6AB2929CF397000ADC37C /* Controllers */,
				5AB6AB1229CF359100ADC37C /* AppDelegate.swift */,
				5AB6AB1429CF359100ADC37C /* SceneDelegate.swift */,
				5AB6AB1829CF359100ADC37C /* Main.storyboard */,
				5AB6AB1E29CF359900ADC37C /* Assets.xcassets */,
				5AB6AB2029CF359900ADC37C /* LaunchScreen.storyboard */,
				5AB6AB2329CF359900ADC37C /* Info.plist */,
				5AB6AB1B29CF359100ADC37C /* MegabitInterview.xcdatamodeld */,
			);
			path = MegabitInterview;
			sourceTree = "<group>";
		};
		5AB6AB2929CF397000ADC37C /* Controllers */ = {
			isa = PBXGroup;
			children = (
				5AB6AB2A29CF39B600ADC37C /* StudentFormViewController.swift */,
				5AB6AB2C29CF39D000ADC37C /* StudentListViewController.swift */,
				5AB6AB2E29CF3C2700ADC37C /* StudentListTableViewCell.swift */,
			);
			path = Controllers;
			sourceTree = "<group>";
		};
		5AB6AB3029CF57E200ADC37C /* View */ = {
			isa = PBXGroup;
			children = (
			);
			path = View;
			sourceTree = "<group>";
		};
		5AB6AB3129CF57EE00ADC37C /* Model */ = {
			isa = PBXGroup;
			children = (
			);
			path = Model;
			sourceTree = "<group>";
		};
/* End PBXGroup section */

/* Begin PBXNativeTarget section */
		5AB6AB0E29CF359100ADC37C /* MegabitInterview */ = {
			isa = PBXNativeTarget;
			buildConfigurationList = 5AB6AB2629CF359900ADC37C /* Build configuration list for PBXNativeTarget "MegabitInterview" */;
			buildPhases = (
				5AB6AB0B29CF359100ADC37C /* Sources */,
				5AB6AB0C29CF359100ADC37C /* Frameworks */,
				5AB6AB0D29CF359100ADC37C /* Resources */,
			);
			buildRules = (
			);
			dependencies = (
			);
			name = MegabitInterview;
			productName = MegabitInterview;
			productReference = 5AB6AB0F29CF359100ADC37C /* MegabitInterview.app */;
			productType = "com.apple.product-type.application";
		};
/* End PBXNativeTarget section */

/* Begin PBXProject section */
		5AB6AB0729CF359100ADC37C /* Project object */ = {
			isa = PBXProject;
			attributes = {
				BuildIndependentTargetsInParallel = 1;
				LastSwiftUpdateCheck = 1420;
				LastUpgradeCheck = 1420;
				TargetAttributes = {
					5AB6AB0E29CF359100ADC37C = {
						CreatedOnToolsVersion = 14.2;
					};
				};
			};
			buildConfigurationList = 5AB6AB0A29CF359100ADC37C /* Build configuration list for PBXProject "MegabitInterview" */;
			compatibilityVersion = "Xcode 14.0";
			developmentRegion = en;
			hasScannedForEncodings = 0;
			knownRegions = (
				en,
				Base,
			);
			mainGroup = 5AB6AB0629CF359100ADC37C;
			productRefGroup = 5AB6AB1029CF359100ADC37C /* Products */;
			projectDirPath = "";
			projectRoot = "";
			targets = (
				5AB6AB0E29CF359100ADC37C /* MegabitInterview */,
			);
		};
/* End PBXProject section */

/* Begin PBXResourcesBuildPhase section */
		5AB6AB0D29CF359100ADC37C /* Resources */ = {
			isa = PBXResourcesBuildPhase;
			buildActionMask = 2147483647;
			files = (
				5AB6AB2229CF359900ADC37C /* LaunchScreen.storyboard in Resources */,
				5AB6AB1F29CF359900ADC37C /* Assets.xcassets in Resources */,
				5AB6AB1A29CF359100ADC37C /* Main.storyboard in Resources */,
			);
			runOnlyForDeploymentPostprocessing = 0;
		};
/* End PBXResourcesBuildPhase section */

/* Begin PBXSourcesBuildPhase section */
		5AB6AB0B29CF359100ADC37C /* Sources */ = {
			isa = PBXSourcesBuildPhase;
			buildActionMask = 2147483647;
			files = (
				5AB6AB1329CF359100ADC37C /* AppDelegate.swift in Sources */,
				5AB6AB2B29CF39B600ADC37C /* StudentFormViewController.swift in Sources */,
				5AB6AB1529CF359100ADC37C /* SceneDelegate.swift in Sources */,
				5AB6AB2F29CF3C2700ADC37C /* StudentListTableViewCell.swift in Sources */,
				5AB6AB2D29CF39D000ADC37C /* StudentListViewController.swift in Sources */,
				5AB6AB1D29CF359100ADC37C /* MegabitInterview.xcdatamodeld in Sources */,
			);
			runOnlyForDeploymentPostprocessing = 0;
		};
/* End PBXSourcesBuildPhase section */

/* Begin PBXVariantGroup section */
		5AB6AB1829CF359100ADC37C /* Main.storyboard */ = {
			isa = PBXVariantGroup;
			children = (
				5AB6AB1929CF359100ADC37C /* Base */,
			);
			name = Main.storyboard;
			sourceTree = "<group>";
		};
		5AB6AB2029CF359900ADC37C /* LaunchScreen.storyboard */ = {
			isa = PBXVariantGroup;
			children = (
				5AB6AB2129CF359900ADC37C /* Base */,
			);
			name = LaunchScreen.storyboard;
			sourceTree = "<group>";
		};
/* End PBXVariantGroup section */

/* Begin XCBuildConfiguration section */
		5AB6AB2429CF359900ADC37C /* Debug */ = {
			isa = XCBuildConfiguration;
			buildSettings = {
				ALWAYS_SEARCH_USER_PATHS = NO;
				CLANG_ANALYZER_NONNULL = YES;
				CLANG_ANALYZER_NUMBER_OBJECT_CONVERSION = YES_AGGRESSIVE;
				CLANG_CXX_LANGUAGE_STANDARD = "gnu++20";
				CLANG_ENABLE_MODULES = YES;
				CLANG_ENABLE_OBJC_ARC = YES;
				CLANG_ENABLE_OBJC_WEAK = YES;
				CLANG_WARN_BLOCK_CAPTURE_AUTORELEASING = YES;
				CLANG_WARN_BOOL_CONVERSION = YES;
				CLANG_WARN_COMMA = YES;
				CLANG_WARN_CONSTANT_CONVERSION = YES;
				CLANG_WARN_DEPRECATED_OBJC_IMPLEMENTATIONS = YES;
				CLANG_WARN_DIRECT_OBJC_ISA_USAGE = YES_ERROR;
				CLANG_WARN_DOCUMENTATION_COMMENTS = YES;
				CLANG_WARN_EMPTY_BODY = YES;
				CLANG_WARN_ENUM_CONVERSION = YES;
				CLANG_WARN_INFINITE_RECURSION = YES;
				CLANG_WARN_INT_CONVERSION = YES;
				CLANG_WARN_NON_LITERAL_NULL_CONVERSION = YES;
				CLANG_WARN_OBJC_IMPLICIT_RETAIN_SELF = YES;
				CLANG_WARN_OBJC_LITERAL_CONVERSION = YES;
				CLANG_WARN_OBJC_ROOT_CLASS = YES_ERROR;
				CLANG_WARN_QUOTED_INCLUDE_IN_FRAMEWORK_HEADER = YES;
				CLANG_WARN_RANGE_LOOP_ANALYSIS = YES;
				CLANG_WARN_STRICT_PROTOTYPES = YES;
				CLANG_WARN_SUSPICIOUS_MOVE = YES;
				CLANG_WARN_UNGUARDED_AVAILABILITY = YES_AGGRESSIVE;
				CLANG_WARN_UNREACHABLE_CODE = YES;
				CLANG_WARN__DUPLICATE_METHOD_MATCH = YES;
				COPY_PHASE_STRIP = NO;
				DEBUG_INFORMATION_FORMAT = dwarf;
				ENABLE_STRICT_OBJC_MSGSEND = YES;
				ENABLE_TESTABILITY = YES;
				GCC_C_LANGUAGE_STANDARD = gnu11;
				GCC_DYNAMIC_NO_PIC = NO;
				GCC_NO_COMMON_BLOCKS = YES;
				GCC_OPTIMIZATION_LEVEL = 0;
				GCC_PREPROCESSOR_DEFINITIONS = (
					"DEBUG=1",
					"$(inherited)",
				);
				GCC_WARN_64_TO_32_BIT_CONVERSION = YES;
				GCC_WARN_ABOUT_RETURN_TYPE = YES_ERROR;
				GCC_WARN_UNDECLARED_SELECTOR = YES;
				GCC_WARN_UNINITIALIZED_AUTOS = YES_AGGRESSIVE;
				GCC_WARN_UNUSED_FUNCTION = YES;
				GCC_WARN_UNUSED_VARIABLE = YES;
				IPHONEOS_DEPLOYMENT_TARGET = 16.2;
				MTL_ENABLE_DEBUG_INFO = INCLUDE_SOURCE;
				MTL_FAST_MATH = YES;
				ONLY_ACTIVE_ARCH = YES;
				SDKROOT = iphoneos;
				SWIFT_ACTIVE_COMPILATION_CONDITIONS = DEBUG;
				SWIFT_OPTIMIZATION_LEVEL = "-Onone";
			};
			name = Debug;
		};
		5AB6AB2529CF359900ADC37C /* Release */ = {
			isa = XCBuildConfiguration;
			buildSettings = {
				ALWAYS_SEARCH_USER_PATHS = NO;
				CLANG_ANALYZER_NONNULL = YES;
				CLANG_ANALYZER_NUMBER_OBJECT_CONVERSION = YES_AGGRESSIVE;
				CLANG_CXX_LANGUAGE_STANDARD = "gnu++20";
				CLANG_ENABLE_MODULES = YES;
				CLANG_ENABLE_OBJC_ARC = YES;
				CLANG_ENABLE_OBJC_WEAK = YES;
				CLANG_WARN_BLOCK_CAPTURE_AUTORELEASING = YES;
				CLANG_WARN_BOOL_CONVERSION = YES;
				CLANG_WARN_COMMA = YES;
				CLANG_WARN_CONSTANT_CONVERSION = YES;
				CLANG_WARN_DEPRECATED_OBJC_IMPLEMENTATIONS = YES;
				CLANG_WARN_DIRECT_OBJC_ISA_USAGE = YES_ERROR;
				CLANG_WARN_DOCUMENTATION_COMMENTS = YES;
				CLANG_WARN_EMPTY_BODY = YES;
				CLANG_WARN_ENUM_CONVERSION = YES;
				CLANG_WARN_INFINITE_RECURSION = YES;
				CLANG_WARN_INT_CONVERSION = YES;
				CLANG_WARN_NON_LITERAL_NULL_CONVERSION = YES;
				CLANG_WARN_OBJC_IMPLICIT_RETAIN_SELF = YES;
				CLANG_WARN_OBJC_LITERAL_CONVERSION = YES;
				CLANG_WARN_OBJC_ROOT_CLASS = YES_ERROR;
				CLANG_WARN_QUOTED_INCLUDE_IN_FRAMEWORK_HEADER = YES;
				CLANG_WARN_RANGE_LOOP_ANALYSIS = YES;
				CLANG_WARN_STRICT_PROTOTYPES = YES;
				CLANG_WARN_SUSPICIOUS_MOVE = YES;
				CLANG_WARN_UNGUARDED_AVAILABILITY = YES_AGGRESSIVE;
				CLANG_WARN_UNREACHABLE_CODE = YES;
				CLANG_WARN__DUPLICATE_METHOD_MATCH = YES;
				COPY_PHASE_STRIP = NO;
				DEBUG_INFORMATION_FORMAT = "dwarf-with-dsym";
				ENABLE_NS_ASSERTIONS = NO;
				ENABLE_STRICT_OBJC_MSGSEND = YES;
				GCC_C_LANGUAGE_STANDARD = gnu11;
				GCC_NO_COMMON_BLOCKS = YES;
				GCC_WARN_64_TO_32_BIT_CONVERSION = YES;
				GCC_WARN_ABOUT_RETURN_TYPE = YES_ERROR;
				GCC_WARN_UNDECLARED_SELECTOR = YES;
				GCC_WARN_UNINITIALIZED_AUTOS = YES_AGGRESSIVE;
				GCC_WARN_UNUSED_FUNCTION = YES;
				GCC_WARN_UNUSED_VARIABLE = YES;
				IPHONEOS_DEPLOYMENT_TARGET = 16.2;
				MTL_ENABLE_DEBUG_INFO = NO;
				MTL_FAST_MATH = YES;
				SDKROOT = iphoneos;
				SWIFT_COMPILATION_MODE = wholemodule;
				SWIFT_OPTIMIZATION_LEVEL = "-O";
				VALIDATE_PRODUCT = YES;
			};
			name = Release;
		};
		5AB6AB2729CF359900ADC37C /* Debug */ = {
			isa = XCBuildConfiguration;
			buildSettings = {
				ASSETCATALOG_COMPILER_APPICON_NAME = AppIcon;
				ASSETCATALOG_COMPILER_GLOBAL_ACCENT_COLOR_NAME = AccentColor;
				CODE_SIGN_STYLE = Automatic;
				CURRENT_PROJECT_VERSION = 1;
				DEVELOPMENT_TEAM = T297WAFH5U;
				GENERATE_INFOPLIST_FILE = YES;
				INFOPLIST_FILE = MegabitInterview/Info.plist;
				INFOPLIST_KEY_UIApplicationSupportsIndirectInputEvents = YES;
				INFOPLIST_KEY_UILaunchStoryboardName = LaunchScreen;
				INFOPLIST_KEY_UIMainStoryboardFile = Main;
				INFOPLIST_KEY_UISupportedInterfaceOrientations_iPad = "UIInterfaceOrientationPortrait UIInterfaceOrientationPortraitUpsideDown UIInterfaceOrientationLandscapeLeft UIInterfaceOrientationLandscapeRight";
				INFOPLIST_KEY_UISupportedInterfaceOrientations_iPhone = "UIInterfaceOrientationPortrait UIInterfaceOrientationLandscapeLeft UIInterfaceOrientationLandscapeRight";
				LD_RUNPATH_SEARCH_PATHS = (
					"$(inherited)",
					"@executable_path/Frameworks",
				);
				MARKETING_VERSION = 1.0;
				PRODUCT_BUNDLE_IDENTIFIER = com.sandeepsahani.MegabitInterview;
				PRODUCT_NAME = "$(TARGET_NAME)";
				SWIFT_EMIT_LOC_STRINGS = YES;
				SWIFT_VERSION = 5.0;
				TARGETED_DEVICE_FAMILY = "1,2";
			};
			name = Debug;
		};
		5AB6AB2829CF359900ADC37C /* Release */ = {
			isa = XCBuildConfiguration;
			buildSettings = {
				ASSETCATALOG_COMPILER_APPICON_NAME = AppIcon;
				ASSETCATALOG_COMPILER_GLOBAL_ACCENT_COLOR_NAME = AccentColor;
				CODE_SIGN_STYLE = Automatic;
				CURRENT_PROJECT_VERSION = 1;
				DEVELOPMENT_TEAM = T297WAFH5U;
				GENERATE_INFOPLIST_FILE = YES;
				INFOPLIST_FILE = MegabitInterview/Info.plist;
				INFOPLIST_KEY_UIApplicationSupportsIndirectInputEvents = YES;
				INFOPLIST_KEY_UILaunchStoryboardName = LaunchScreen;
				INFOPLIST_KEY_UIMainStoryboardFile = Main;
				INFOPLIST_KEY_UISupportedInterfaceOrientations_iPad = "UIInterfaceOrientationPortrait UIInterfaceOrientationPortraitUpsideDown UIInterfaceOrientationLandscapeLeft UIInterfaceOrientationLandscapeRight";
				INFOPLIST_KEY_UISupportedInterfaceOrientations_iPhone = "UIInterfaceOrientationPortrait UIInterfaceOrientationLandscapeLeft UIInterfaceOrientationLandscapeRight";
				LD_RUNPATH_SEARCH_PATHS = (
					"$(inherited)",
					"@executable_path/Frameworks",
				);
				MARKETING_VERSION = 1.0;
				PRODUCT_BUNDLE_IDENTIFIER = com.sandeepsahani.MegabitInterview;
				PRODUCT_NAME = "$(TARGET_NAME)";
				SWIFT_EMIT_LOC_STRINGS = YES;
				SWIFT_VERSION = 5.0;
				TARGETED_DEVICE_FAMILY = "1,2";
			};
			name = Release;
		};
/* End XCBuildConfiguration section */

/* Begin XCConfigurationList section */
		5AB6AB0A29CF359100ADC37C /* Build configuration list for PBXProject "MegabitInterview" */ = {
			isa = XCConfigurationList;
			buildConfigurations = (
				5AB6AB2429CF359900ADC37C /* Debug */,
				5AB6AB2529CF359900ADC37C /* Release */,
			);
			defaultConfigurationIsVisible = 0;
			defaultConfigurationName = Release;
		};
		5AB6AB2629CF359900ADC37C /* Build configuration list for PBXNativeTarget "MegabitInterview" */ = {
			isa = XCConfigurationList;
			buildConfigurations = (
				5AB6AB2729CF359900ADC37C /* Debug */,
				5AB6AB2829CF359900ADC37C /* Release */,
			);
			defaultConfigurationIsVisible = 0;
			defaultConfigurationName = Release;
		};
/* End XCConfigurationList section */

/* Begin XCVersionGroup section */
		5AB6AB1B29CF359100ADC37C /* MegabitInterview.xcdatamodeld */ = {
			isa = XCVersionGroup;
			children = (
				5AB6AB1C29CF359100ADC37C /* MegabitInterview.xcdatamodel */,
			);
			currentVersion = 5AB6AB1C29CF359100ADC37C /* MegabitInterview.xcdatamodel */;
			path = MegabitInterview.xcdatamodeld;
			sourceTree = "<group>";
			versionGroupType = wrapper.xcdatamodel;
		};
/* End XCVersionGroup section */
	};
	rootObject = 5AB6AB0729CF359100ADC37C /* Project object */;
}
